// !$*UTF8*$!
{
	archiveVersion = 1;
	classes = {
	};
	objectVersion = 51;
	objects = {

/* Begin PBXBuildFile section */
		D9CA3F47265C3CA400DB4749 /* AppDelegate.swift in Sources */ = {isa = PBXBuildFile; fileRef = D9CA3F46265C3CA400DB4749 /* AppDelegate.swift */; };
		D9CA3F49265C3CA400DB4749 /* SceneDelegate.swift in Sources */ = {isa = PBXBuildFile; fileRef = D9CA3F48265C3CA400DB4749 /* SceneDelegate.swift */; };
		D9CA3F4B265C3CA400DB4749 /* ViewController.swift in Sources */ = {isa = PBXBuildFile; fileRef = D9CA3F4A265C3CA400DB4749 /* ViewController.swift */; };
		D9CA3F4E265C3CA400DB4749 /* Main.storyboard in Resources */ = {isa = PBXBuildFile; fileRef = D9CA3F4C265C3CA400DB4749 /* Main.storyboard */; };
		D9CA3F51265C3CA400DB4749 /* CoreDataDemo.xcdatamodeld in Sources */ = {isa = PBXBuildFile; fileRef = D9CA3F4F265C3CA400DB4749 /* CoreDataDemo.xcdatamodeld */; };
		D9CA3F53265C3CA800DB4749 /* Assets.xcassets in Resources */ = {isa = PBXBuildFile; fileRef = D9CA3F52265C3CA800DB4749 /* Assets.xcassets */; };
		D9CA3F56265C3CA800DB4749 /* LaunchScreen.storyboard in Resources */ = {isa = PBXBuildFile; fileRef = D9CA3F54265C3CA800DB4749 /* LaunchScreen.storyboard */; };
		D9CA3F66265C3EE000DB4749 /* CoreDataTableViewCell.swift in Sources */ = {isa = PBXBuildFile; fileRef = D9CA3F65265C3EE000DB4749 /* CoreDataTableViewCell.swift */; };
		D9CA3F73265E992C00DB4749 /* UserDefaultsViewController.swift in Sources */ = {isa = PBXBuildFile; fileRef = D9CA3F72265E992C00DB4749 /* UserDefaultsViewController.swift */; };
		D9CA3F76265EAF5000DB4749 /* NetworkClient.swift in Sources */ = {isa = PBXBuildFile; fileRef = D9CA3F75265EAF5000DB4749 /* NetworkClient.swift */; };
		D9CA3F78265ECBEF00DB4749 /* NetworkController.swift in Sources */ = {isa = PBXBuildFile; fileRef = D9CA3F77265ECBEE00DB4749 /* NetworkController.swift */; };
		DE01B0A06B2F5C165E291662 /* Pods_CoreDataDemo.framework in Frameworks */ = {isa = PBXBuildFile; fileRef = 3864DC44841F2363CC388F6E /* Pods_CoreDataDemo.framework */; };
/* End PBXBuildFile section */

/* Begin PBXFileReference section */
		3864DC44841F2363CC388F6E /* Pods_CoreDataDemo.framework */ = {isa = PBXFileReference; explicitFileType = wrapper.framework; includeInIndex = 0; path = Pods_CoreDataDemo.framework; sourceTree = BUILT_PRODUCTS_DIR; };
		5EA4C0DC10BF1D4A957C7FDA /* Pods-CoreDataDemo.debug.xcconfig */ = {isa = PBXFileReference; includeInIndex = 1; lastKnownFileType = text.xcconfig; name = "Pods-CoreDataDemo.debug.xcconfig"; path = "Target Support Files/Pods-CoreDataDemo/Pods-CoreDataDemo.debug.xcconfig"; sourceTree = "<group>"; };
		D9CA3F43265C3CA400DB4749 /* CoreDataDemo.app */ = {isa = PBXFileReference; explicitFileType = wrapper.application; includeInIndex = 0; path = CoreDataDemo.app; sourceTree = BUILT_PRODUCTS_DIR; };
		D9CA3F46265C3CA400DB4749 /* AppDelegate.swift */ = {isa = PBXFileReference; lastKnownFileType = sourcecode.swift; path = AppDelegate.swift; sourceTree = "<group>"; };
		D9CA3F48265C3CA400DB4749 /* SceneDelegate.swift */ = {isa = PBXFileReference; lastKnownFileType = sourcecode.swift; path = SceneDelegate.swift; sourceTree = "<group>"; };
		D9CA3F4A265C3CA400DB4749 /* ViewController.swift */ = {isa = PBXFileReference; lastKnownFileType = sourcecode.swift; path = ViewController.swift; sourceTree = "<group>"; };
		D9CA3F4D265C3CA400DB4749 /* Base */ = {isa = PBXFileReference; lastKnownFileType = file.storyboard; name = Base; path = Base.lproj/Main.storyboard; sourceTree = "<group>"; };
		D9CA3F50265C3CA400DB4749 /* CoreDataDemo.xcdatamodel */ = {isa = PBXFileReference; lastKnownFileType = wrapper.xcdatamodel; path = CoreDataDemo.xcdatamodel; sourceTree = "<group>"; };
		D9CA3F52265C3CA800DB4749 /* Assets.xcassets */ = {isa = PBXFileReference; lastKnownFileType = folder.assetcatalog; path = Assets.xcassets; sourceTree = "<group>"; };
		D9CA3F55265C3CA800DB4749 /* Base */ = {isa = PBXFileReference; lastKnownFileType = file.storyboard; name = Base; path = Base.lproj/LaunchScreen.storyboard; sourceTree = "<group>"; };
		D9CA3F57265C3CA800DB4749 /* Info.plist */ = {isa = PBXFileReference; lastKnownFileType = text.plist.xml; path = Info.plist; sourceTree = "<group>"; };
		D9CA3F65265C3EE000DB4749 /* CoreDataTableViewCell.swift */ = {isa = PBXFileReference; lastKnownFileType = sourcecode.swift; path = CoreDataTableViewCell.swift; sourceTree = "<group>"; };
		D9CA3F72265E992C00DB4749 /* UserDefaultsViewController.swift */ = {isa = PBXFileReference; lastKnownFileType = sourcecode.swift; path = UserDefaultsViewController.swift; sourceTree = "<group>"; };
		D9CA3F75265EAF5000DB4749 /* NetworkClient.swift */ = {isa = PBXFileReference; lastKnownFileType = sourcecode.swift; path = NetworkClient.swift; sourceTree = "<group>"; };
		D9CA3F77265ECBEE00DB4749 /* NetworkController.swift */ = {isa = PBXFileReference; lastKnownFileType = sourcecode.swift; path = NetworkController.swift; sourceTree = "<group>"; };
		DF07C8950654C7F3E10486B5 /* Pods-CoreDataDemo.release.xcconfig */ = {isa = PBXFileReference; includeInIndex = 1; lastKnownFileType = text.xcconfig; name = "Pods-CoreDataDemo.release.xcconfig"; path = "Target Support Files/Pods-CoreDataDemo/Pods-CoreDataDemo.release.xcconfig"; sourceTree = "<group>"; };
/* End PBXFileReference section */

/* Begin PBXFrameworksBuildPhase section */
		D9CA3F40265C3CA400DB4749 /* Frameworks */ = {
			isa = PBXFrameworksBuildPhase;
			buildActionMask = 2147483647;
			files = (
				DE01B0A06B2F5C165E291662 /* Pods_CoreDataDemo.framework in Frameworks */,
			);
			runOnlyForDeploymentPostprocessing = 0;
		};
/* End PBXFrameworksBuildPhase section */

/* Begin PBXGroup section */
		3B849E1E23D32A07EBACD0FC /* Frameworks */ = {
			isa = PBXGroup;
			children = (
				3864DC44841F2363CC388F6E /* Pods_CoreDataDemo.framework */,
			);
			name = Frameworks;
			sourceTree = "<group>";
		};
		B6D544FB6E9FE68EACCD4017 /* Pods */ = {
			isa = PBXGroup;
			children = (
				5EA4C0DC10BF1D4A957C7FDA /* Pods-CoreDataDemo.debug.xcconfig */,
				DF07C8950654C7F3E10486B5 /* Pods-CoreDataDemo.release.xcconfig */,
			);
			path = Pods;
			sourceTree = "<group>";
		};
		D9CA3F3A265C3CA400DB4749 = {
			isa = PBXGroup;
			children = (
				D9CA3F45265C3CA400DB4749 /* CoreDataDemo */,
				D9CA3F44265C3CA400DB4749 /* Products */,
				B6D544FB6E9FE68EACCD4017 /* Pods */,
				3B849E1E23D32A07EBACD0FC /* Frameworks */,
			);
			sourceTree = "<group>";
		};
		D9CA3F44265C3CA400DB4749 /* Products */ = {
			isa = PBXGroup;
			children = (
				D9CA3F43265C3CA400DB4749 /* CoreDataDemo.app */,
			);
			name = Products;
			sourceTree = "<group>";
		};
		D9CA3F45265C3CA400DB4749 /* CoreDataDemo */ = {
			isa = PBXGroup;
			children = (
				D9CA3F64265C3EC300DB4749 /* Modules */,
				D9CA3F5F265C3CD600DB4749 /* Resource */,
				D9CA3F5E265C3CC700DB4749 /* Storyboard */,
				D9CA3F5D265C3CB000DB4749 /* Common */,
				D9CA3F4A265C3CA400DB4749 /* ViewController.swift */,
				D9CA3F4F265C3CA400DB4749 /* CoreDataDemo.xcdatamodeld */,
			);
			path = CoreDataDemo;
			sourceTree = "<group>";
		};
		D9CA3F5D265C3CB000DB4749 /* Common */ = {
			isa = PBXGroup;
			children = (
				D9CA3F46265C3CA400DB4749 /* AppDelegate.swift */,
				D9CA3F48265C3CA400DB4749 /* SceneDelegate.swift */,
				D9CA3F57265C3CA800DB4749 /* Info.plist */,
			);
			path = Common;
			sourceTree = "<group>";
		};
		D9CA3F5E265C3CC700DB4749 /* Storyboard */ = {
			isa = PBXGroup;
			children = (
				D9CA3F4C265C3CA400DB4749 /* Main.storyboard */,
				D9CA3F54265C3CA800DB4749 /* LaunchScreen.storyboard */,
			);
			path = Storyboard;
			sourceTree = "<group>";
		};
		D9CA3F5F265C3CD600DB4749 /* Resource */ = {
			isa = PBXGroup;
			children = (
				D9CA3F68265D602600DB4749 /* GithubResource */,
				D9CA3F52265C3CA800DB4749 /* Assets.xcassets */,
			);
			path = Resource;
			sourceTree = "<group>";
		};
		D9CA3F64265C3EC300DB4749 /* Modules */ = {
			isa = PBXGroup;
			children = (
				D9CA3F74265EAF2100DB4749 /* NetworksData */,
				D9CA3F65265C3EE000DB4749 /* CoreDataTableViewCell.swift */,
				D9CA3F72265E992C00DB4749 /* UserDefaultsViewController.swift */,
				D9CA3F77265ECBEE00DB4749 /* NetworkController.swift */,
			);
			path = Modules;
			sourceTree = "<group>";
		};
		D9CA3F68265D602600DB4749 /* GithubResource */ = {
			isa = PBXGroup;
			children = (
			);
			path = GithubResource;
			sourceTree = "<group>";
		};
		D9CA3F74265EAF2100DB4749 /* NetworksData */ = {
			isa = PBXGroup;
			children = (
				D9CA3F75265EAF5000DB4749 /* NetworkClient.swift */,
			);
			path = NetworksData;
			sourceTree = "<group>";
		};
/* End PBXGroup section */

/* Begin PBXNativeTarget section */
		D9CA3F42265C3CA400DB4749 /* CoreDataDemo */ = {
			isa = PBXNativeTarget;
			buildConfigurationList = D9CA3F5A265C3CA900DB4749 /* Build configuration list for PBXNativeTarget "CoreDataDemo" */;
			buildPhases = (
				465C1B3EDE95D3E6AC71FA1D /* [CP] Check Pods Manifest.lock */,
				D9CA3F3F265C3CA400DB4749 /* Sources */,
				D9CA3F40265C3CA400DB4749 /* Frameworks */,
				D9CA3F41265C3CA400DB4749 /* Resources */,
				CB4823B3F8033F9B23B55C38 /* [CP] Embed Pods Frameworks */,
			);
			buildRules = (
			);
			dependencies = (
			);
			name = CoreDataDemo;
			productName = CoreDataDemo;
			productReference = D9CA3F43265C3CA400DB4749 /* CoreDataDemo.app */;
			productType = "com.apple.product-type.application";
		};
/* End PBXNativeTarget section */

/* Begin PBXProject section */
		D9CA3F3B265C3CA400DB4749 /* Project object */ = {
			isa = PBXProject;
			attributes = {
				LastSwiftUpdateCheck = 1250;
				LastUpgradeCheck = 1250;
				TargetAttributes = {
					D9CA3F42265C3CA400DB4749 = {
						CreatedOnToolsVersion = 12.5;
					};
				};
			};
			buildConfigurationList = D9CA3F3E265C3CA400DB4749 /* Build configuration list for PBXProject "CoreDataDemo" */;
			compatibilityVersion = "Xcode 9.3";
			developmentRegion = en;
			hasScannedForEncodings = 0;
			knownRegions = (
				en,
				Base,
			);
			mainGroup = D9CA3F3A265C3CA400DB4749;
			productRefGroup = D9CA3F44265C3CA400DB4749 /* Products */;
			projectDirPath = "";
			projectRoot = "";
			targets = (
				D9CA3F42265C3CA400DB4749 /* CoreDataDemo */,
			);
		};
/* End PBXProject section */

/* Begin PBXResourcesBuildPhase section */
		D9CA3F41265C3CA400DB4749 /* Resources */ = {
			isa = PBXResourcesBuildPhase;
			buildActionMask = 2147483647;
			files = (
				D9CA3F56265C3CA800DB4749 /* LaunchScreen.storyboard in Resources */,
				D9CA3F53265C3CA800DB4749 /* Assets.xcassets in Resources */,
				D9CA3F4E265C3CA400DB4749 /* Main.storyboard in Resources */,
			);
			runOnlyForDeploymentPostprocessing = 0;
		};
/* End PBXResourcesBuildPhase section */

/* Begin PBXShellScriptBuildPhase section */
		465C1B3EDE95D3E6AC71FA1D /* [CP] Check Pods Manifest.lock */ = {
			isa = PBXShellScriptBuildPhase;
			buildActionMask = 2147483647;
			files = (
			);
			inputFileListPaths = (
			);
			inputPaths = (
				"${PODS_PODFILE_DIR_PATH}/Podfile.lock",
				"${PODS_ROOT}/Manifest.lock",
			);
			name = "[CP] Check Pods Manifest.lock";
			outputFileListPaths = (
			);
			outputPaths = (
				"$(DERIVED_FILE_DIR)/Pods-CoreDataDemo-checkManifestLockResult.txt",
			);
			runOnlyForDeploymentPostprocessing = 0;
			shellPath = /bin/sh;
			shellScript = "diff \"${PODS_PODFILE_DIR_PATH}/Podfile.lock\" \"${PODS_ROOT}/Manifest.lock\" > /dev/null\nif [ $? != 0 ] ; then\n    # print error to STDERR\n    echo \"error: The sandbox is not in sync with the Podfile.lock. Run 'pod install' or update your CocoaPods installation.\" >&2\n    exit 1\nfi\n# This output is used by Xcode 'outputs' to avoid re-running this script phase.\necho \"SUCCESS\" > \"${SCRIPT_OUTPUT_FILE_0}\"\n";
			showEnvVarsInLog = 0;
		};
		CB4823B3F8033F9B23B55C38 /* [CP] Embed Pods Frameworks */ = {
			isa = PBXShellScriptBuildPhase;
			buildActionMask = 2147483647;
			files = (
			);
			inputFileListPaths = (
				"${PODS_ROOT}/Target Support Files/Pods-CoreDataDemo/Pods-CoreDataDemo-frameworks-${CONFIGURATION}-input-files.xcfilelist",
			);
			name = "[CP] Embed Pods Frameworks";
			outputFileListPaths = (
				"${PODS_ROOT}/Target Support Files/Pods-CoreDataDemo/Pods-CoreDataDemo-frameworks-${CONFIGURATION}-output-files.xcfilelist",
			);
			runOnlyForDeploymentPostprocessing = 0;
			shellPath = /bin/sh;
			shellScript = "\"${PODS_ROOT}/Target Support Files/Pods-CoreDataDemo/Pods-CoreDataDemo-frameworks.sh\"\n";
			showEnvVarsInLog = 0;
		};
/* End PBXShellScriptBuildPhase section */

/* Begin PBXSourcesBuildPhase section */
		D9CA3F3F265C3CA400DB4749 /* Sources */ = {
			isa = PBXSourcesBuildPhase;
			buildActionMask = 2147483647;
			files = (
				D9CA3F78265ECBEF00DB4749 /* NetworkController.swift in Sources */,
				D9CA3F73265E992C00DB4749 /* UserDefaultsViewController.swift in Sources */,
				D9CA3F4B265C3CA400DB4749 /* ViewController.swift in Sources */,
				D9CA3F66265C3EE000DB4749 /* CoreDataTableViewCell.swift in Sources */,
				D9CA3F51265C3CA400DB4749 /* CoreDataDemo.xcdatamodeld in Sources */,
				D9CA3F76265EAF5000DB4749 /* NetworkClient.swift in Sources */,
				D9CA3F47265C3CA400DB4749 /* AppDelegate.swift in Sources */,
				D9CA3F49265C3CA400DB4749 /* SceneDelegate.swift in Sources */,
			);
			runOnlyForDeploymentPostprocessing = 0;
		};
/* End PBXSourcesBuildPhase section */

/* Begin PBXVariantGroup section */
		D9CA3F4C265C3CA400DB4749 /* Main.storyboard */ = {
			isa = PBXVariantGroup;
			children = (
				D9CA3F4D265C3CA400DB4749 /* Base */,
			);
			name = Main.storyboard;
			sourceTree = "<group>";
		};
		D9CA3F54265C3CA800DB4749 /* LaunchScreen.storyboard */ = {
			isa = PBXVariantGroup;
			children = (
				D9CA3F55265C3CA800DB4749 /* Base */,
			);
			name = LaunchScreen.storyboard;
			sourceTree = "<group>";
		};
/* End PBXVariantGroup section */

/* Begin XCBuildConfiguration section */
		D9CA3F58265C3CA900DB4749 /* Debug */ = {
			isa = XCBuildConfiguration;
			buildSettings = {
				ALWAYS_SEARCH_USER_PATHS = NO;
				CLANG_ANALYZER_NONNULL = YES;
				CLANG_ANALYZER_NUMBER_OBJECT_CONVERSION = YES_AGGRESSIVE;
				CLANG_CXX_LANGUAGE_STANDARD = "gnu++14";
				CLANG_CXX_LIBRARY = "libc++";
				CLANG_ENABLE_MODULES = YES;
				CLANG_ENABLE_OBJC_ARC = YES;
				CLANG_ENABLE_OBJC_WEAK = YES;
				CLANG_WARN_BLOCK_CAPTURE_AUTORELEASING = YES;
				CLANG_WARN_BOOL_CONVERSION = YES;
				CLANG_WARN_COMMA = YES;
				CLANG_WARN_CONSTANT_CONVERSION = YES;
				CLANG_WARN_DEPRECATED_OBJC_IMPLEMENTATIONS = YES;
				CLANG_WARN_DIRECT_OBJC_ISA_USAGE = YES_ERROR;
				CLANG_WARN_DOCUMENTATION_COMMENTS = YES;
				CLANG_WARN_EMPTY_BODY = YES;
				CLANG_WARN_ENUM_CONVERSION = YES;
				CLANG_WARN_INFINITE_RECURSION = YES;
				CLANG_WARN_INT_CONVERSION = YES;
				CLANG_WARN_NON_LITERAL_NULL_CONVERSION = YES;
				CLANG_WARN_OBJC_IMPLICIT_RETAIN_SELF = YES;
				CLANG_WARN_OBJC_LITERAL_CONVERSION = YES;
				CLANG_WARN_OBJC_ROOT_CLASS = YES_ERROR;
				CLANG_WARN_QUOTED_INCLUDE_IN_FRAMEWORK_HEADER = YES;
				CLANG_WARN_RANGE_LOOP_ANALYSIS = YES;
				CLANG_WARN_STRICT_PROTOTYPES = YES;
				CLANG_WARN_SUSPICIOUS_MOVE = YES;
				CLANG_WARN_UNGUARDED_AVAILABILITY = YES_AGGRESSIVE;
				CLANG_WARN_UNREACHABLE_CODE = YES;
				CLANG_WARN__DUPLICATE_METHOD_MATCH = YES;
				COPY_PHASE_STRIP = NO;
				DEBUG_INFORMATION_FORMAT = dwarf;
				ENABLE_STRICT_OBJC_MSGSEND = YES;
				ENABLE_TESTABILITY = YES;
				GCC_C_LANGUAGE_STANDARD = gnu11;
				GCC_DYNAMIC_NO_PIC = NO;
				GCC_NO_COMMON_BLOCKS = YES;
				GCC_OPTIMIZATION_LEVEL = 0;
				GCC_PREPROCESSOR_DEFINITIONS = (
					"DEBUG=1",
					"$(inherited)",
				);
				GCC_WARN_64_TO_32_BIT_CONVERSION = YES;
				GCC_WARN_ABOUT_RETURN_TYPE = YES_ERROR;
				GCC_WARN_UNDECLARED_SELECTOR = YES;
				GCC_WARN_UNINITIALIZED_AUTOS = YES_AGGRESSIVE;
				GCC_WARN_UNUSED_FUNCTION = YES;
				GCC_WARN_UNUSED_VARIABLE = YES;
				IPHONEOS_DEPLOYMENT_TARGET = 14.5;
				MTL_ENABLE_DEBUG_INFO = INCLUDE_SOURCE;
				MTL_FAST_MATH = YES;
				ONLY_ACTIVE_ARCH = YES;
				SDKROOT = iphoneos;
				SWIFT_ACTIVE_COMPILATION_CONDITIONS = DEBUG;
				SWIFT_OPTIMIZATION_LEVEL = "-Onone";
			};
			name = Debug;
		};
		D9CA3F59265C3CA900DB4749 /* Release */ = {
			isa = XCBuildConfiguration;
			buildSettings = {
				ALWAYS_SEARCH_USER_PATHS = NO;
				CLANG_ANALYZER_NONNULL = YES;
				CLANG_ANALYZER_NUMBER_OBJECT_CONVERSION = YES_AGGRESSIVE;
				CLANG_CXX_LANGUAGE_STANDARD = "gnu++14";
				CLANG_CXX_LIBRARY = "libc++";
				CLANG_ENABLE_MODULES = YES;
				CLANG_ENABLE_OBJC_ARC = YES;
				CLANG_ENABLE_OBJC_WEAK = YES;
				CLANG_WARN_BLOCK_CAPTURE_AUTORELEASING = YES;
				CLANG_WARN_BOOL_CONVERSION = YES;
				CLANG_WARN_COMMA = YES;
				CLANG_WARN_CONSTANT_CONVERSION = YES;
				CLANG_WARN_DEPRECATED_OBJC_IMPLEMENTATIONS = YES;
				CLANG_WARN_DIRECT_OBJC_ISA_USAGE = YES_ERROR;
				CLANG_WARN_DOCUMENTATION_COMMENTS = YES;
				CLANG_WARN_EMPTY_BODY = YES;
				CLANG_WARN_ENUM_CONVERSION = YES;
				CLANG_WARN_INFINITE_RECURSION = YES;
				CLANG_WARN_INT_CONVERSION = YES;
				CLANG_WARN_NON_LITERAL_NULL_CONVERSION = YES;
				CLANG_WARN_OBJC_IMPLICIT_RETAIN_SELF = YES;
				CLANG_WARN_OBJC_LITERAL_CONVERSION = YES;
				CLANG_WARN_OBJC_ROOT_CLASS = YES_ERROR;
				CLANG_WARN_QUOTED_INCLUDE_IN_FRAMEWORK_HEADER = YES;
				CLANG_WARN_RANGE_LOOP_ANALYSIS = YES;
				CLANG_WARN_STRICT_PROTOTYPES = YES;
				CLANG_WARN_SUSPICIOUS_MOVE = YES;
				CLANG_WARN_UNGUARDED_AVAILABILITY = YES_AGGRESSIVE;
				CLANG_WARN_UNREACHABLE_CODE = YES;
				CLANG_WARN__DUPLICATE_METHOD_MATCH = YES;
				COPY_PHASE_STRIP = NO;
				DEBUG_INFORMATION_FORMAT = "dwarf-with-dsym";
				ENABLE_NS_ASSERTIONS = NO;
				ENABLE_STRICT_OBJC_MSGSEND = YES;
				GCC_C_LANGUAGE_STANDARD = gnu11;
				GCC_NO_COMMON_BLOCKS = YES;
				GCC_WARN_64_TO_32_BIT_CONVERSION = YES;
				GCC_WARN_ABOUT_RETURN_TYPE = YES_ERROR;
				GCC_WARN_UNDECLARED_SELECTOR = YES;
				GCC_WARN_UNINITIALIZED_AUTOS = YES_AGGRESSIVE;
				GCC_WARN_UNUSED_FUNCTION = YES;
				GCC_WARN_UNUSED_VARIABLE = YES;
				IPHONEOS_DEPLOYMENT_TARGET = 14.5;
				MTL_ENABLE_DEBUG_INFO = NO;
				MTL_FAST_MATH = YES;
				SDKROOT = iphoneos;
				SWIFT_COMPILATION_MODE = wholemodule;
				SWIFT_OPTIMIZATION_LEVEL = "-O";
				VALIDATE_PRODUCT = YES;
			};
			name = Release;
		};
		D9CA3F5B265C3CA900DB4749 /* Debug */ = {
			isa = XCBuildConfiguration;
			baseConfigurationReference = 5EA4C0DC10BF1D4A957C7FDA /* Pods-CoreDataDemo.debug.xcconfig */;
			buildSettings = {
				ASSETCATALOG_COMPILER_APPICON_NAME = AppIcon;
				ASSETCATALOG_COMPILER_GLOBAL_ACCENT_COLOR_NAME = AccentColor;
				CODE_SIGN_STYLE = Automatic;
				INFOPLIST_FILE = CoreDataDemo/Common/Info.plist;
				LD_RUNPATH_SEARCH_PATHS = (
					"$(inherited)",
					"@executable_path/Frameworks",
				);
				PRODUCT_BUNDLE_IDENTIFIER = "com.kim-yoonha.CoreDataDemo";
				PRODUCT_NAME = "$(TARGET_NAME)";
				SWIFT_VERSION = 5.0;
				TARGETED_DEVICE_FAMILY = "1,2";
			};
			name = Debug;
		};
		D9CA3F5C265C3CA900DB4749 /* Release */ = {
			isa = XCBuildConfiguration;
			baseConfigurationReference = DF07C8950654C7F3E10486B5 /* Pods-CoreDataDemo.release.xcconfig */;
			buildSettings = {
				ASSETCATALOG_COMPILER_APPICON_NAME = AppIcon;
				ASSETCATALOG_COMPILER_GLOBAL_ACCENT_COLOR_NAME = AccentColor;
				CODE_SIGN_STYLE = Automatic;
				INFOPLIST_FILE = CoreDataDemo/Common/Info.plist;
				LD_RUNPATH_SEARCH_PATHS = (
					"$(inherited)",
					"@executable_path/Frameworks",
				);
				PRODUCT_BUNDLE_IDENTIFIER = "com.kim-yoonha.CoreDataDemo";
				PRODUCT_NAME = "$(TARGET_NAME)";
				SWIFT_VERSION = 5.0;
				TARGETED_DEVICE_FAMILY = "1,2";
			};
			name = Release;
		};
/* End XCBuildConfiguration section */

/* Begin XCConfigurationList section */
		D9CA3F3E265C3CA400DB4749 /* Build configuration list for PBXProject "CoreDataDemo" */ = {
			isa = XCConfigurationList;
			buildConfigurations = (
				D9CA3F58265C3CA900DB4749 /* Debug */,
				D9CA3F59265C3CA900DB4749 /* Release */,
			);
			defaultConfigurationIsVisible = 0;
			defaultConfigurationName = Release;
		};
		D9CA3F5A265C3CA900DB4749 /* Build configuration list for PBXNativeTarget "CoreDataDemo" */ = {
			isa = XCConfigurationList;
			buildConfigurations = (
				D9CA3F5B265C3CA900DB4749 /* Debug */,
				D9CA3F5C265C3CA900DB4749 /* Release */,
			);
			defaultConfigurationIsVisible = 0;
			defaultConfigurationName = Release;
		};
/* End XCConfigurationList section */

/* Begin XCVersionGroup section */
		D9CA3F4F265C3CA400DB4749 /* CoreDataDemo.xcdatamodeld */ = {
			isa = XCVersionGroup;
			children = (
				D9CA3F50265C3CA400DB4749 /* CoreDataDemo.xcdatamodel */,
			);
			currentVersion = D9CA3F50265C3CA400DB4749 /* CoreDataDemo.xcdatamodel */;
			path = CoreDataDemo.xcdatamodeld;
			sourceTree = "<group>";
			versionGroupType = wrapper.xcdatamodel;
		};
/* End XCVersionGroup section */
	};
	rootObject = D9CA3F3B265C3CA400DB4749 /* Project object */;
}
